
Microsoft Visual Studio Solution File, Format Version 12.00
# Visual Studio Version 16
VisualStudioVersion = 16.0.31729.503
MinimumVisualStudioVersion = 10.0.40219.1
Project("{FAE04EC0-301F-11D3-BF4B-00C04F79EFBC}") = "Exam.Win", "Exam.Win\Exam.Win.csproj", "{83BDDF63-AFFF-49DC-B07F-315C5987550C}"
EndProject
Project("{FAE04EC0-301F-11D3-BF4B-00C04F79EFBC}") = "Exam.Data", "Exam.Data\Exam.Data.csproj", "{1F587711-23EC-407E-BBED-4F8F95C114F7}"
EndProject
Project("{FAE04EC0-301F-11D3-BF4B-00C04F79EFBC}") = "Exam.Service", "Exam.Service\Exam.Service.csproj", "{93C7696E-E922-44E6-B669-A0E7983B6093}"
EndProject
Global
	GlobalSection(SolutionConfigurationPlatforms) = preSolution
		Debug|Any CPU = Debug|Any CPU
		Release|Any CPU = Release|Any CPU
	EndGlobalSection
	GlobalSection(ProjectConfigurationPlatforms) = postSolution
		{83BDDF63-AFFF-49DC-B07F-315C5987550C}.Debug|Any CPU.ActiveCfg = Debug|Any CPU
		{83BDDF63-AFFF-49DC-B07F-315C5987550C}.Debug|Any CPU.Build.0 = Debug|Any CPU
		{83BDDF63-AFFF-49DC-B07F-315C5987550C}.Release|Any CPU.ActiveCfg = Release|Any CPU
		{83BDDF63-AFFF-49DC-B07F-315C5987550C}.Release|Any CPU.Build.0 = Release|Any CPU
		{1F587711-23EC-407E-BBED-4F8F95C114F7}.Debug|Any CPU.ActiveCfg = Debug|Any CPU
		{1F587711-23EC-407E-BBED-4F8F95C114F7}.Debug|Any CPU.Build.0 = Debug|Any CPU
		{1F587711-23EC-407E-BBED-4F8F95C114F7}.Release|Any CPU.ActiveCfg = Release|Any CPU
		{1F587711-23EC-407E-BBED-4F8F95C114F7}.Release|Any CPU.Build.0 = Release|Any CPU
		{93C7696E-E922-44E6-B669-A0E7983B6093}.Debug|Any CPU.ActiveCfg = Debug|Any CPU
		{93C7696E-E922-44E6-B669-A0E7983B6093}.Debug|Any CPU.Build.0 = Debug|Any CPU
		{93C7696E-E922-44E6-B669-A0E7983B6093}.Release|Any CPU.ActiveCfg = Release|Any CPU
		{93C7696E-E922-44E6-B669-A0E7983B6093}.Release|Any CPU.Build.0 = Release|Any CPU
	EndGlobalSection
	GlobalSection(SolutionProperties) = preSolution
		HideSolutionNode = FALSE
	EndGlobalSection
	GlobalSection(ExtensibilityGlobals) = postSolution
		SolutionGuid = {A2546CDC-1AC7-4FA5-8D11-6F8B061FAFB4}
	EndGlobalSection
EndGlobal
